
Microsoft Visual Studio Solution File, Format Version 12.00
Project("{2150E333-8FDC-42A3-9474-1A3956D46DE8}") = "Core", "Core", "{3DDD8E11-1AA9-49C7-8454-A33FEC97F811}"
EndProject
Project("{FAE04EC0-301F-11D3-BF4B-00C04F79EFBC}") = "Core", "Core\Core.csproj", "{978C1D65-D102-4BB1-96B3-75518130D90C}"
EndProject
Project("{2150E333-8FDC-42A3-9474-1A3956D46DE8}") = "Statements", "Statements", "{77B4F31C-9DD1-4047-AD6B-F667959997CD}"
EndProject
Project("{2150E333-8FDC-42A3-9474-1A3956D46DE8}") = "DataAccess", "DataAccess", "{7CF2CAE0-91D2-4C6A-A97E-34B39AEF900D}"
EndProject
Project("{FAE04EC0-301F-11D3-BF4B-00C04F79EFBC}") = "DapperDatabaseAccess", "DapperDatabaseAccess\DapperDatabaseAccess.csproj", "{AE5E49A6-6453-4009-97EA-03BF87F8C521}"
EndProject
Project("{2150E333-8FDC-42A3-9474-1A3956D46DE8}") = "AristotleExcel", "AristotleExcel", "{F276CDFC-EA5C-414F-B80A-740B156F06C3}"
EndProject
Project("{FAE04EC0-301F-11D3-BF4B-00C04F79EFBC}") = "Aristotle.Excel", "Aristotle.Excel\Aristotle.Excel.csproj", "{36FE134A-90CB-402A-9065-916F7785C174}"
EndProject
Project("{2150E333-8FDC-42A3-9474-1A3956D46DE8}") = "ETL", "ETL", "{7C98D513-65A2-46DF-B6D8-4EA1F4D3ABDC}"
EndProject
Project("{FAE04EC0-301F-11D3-BF4B-00C04F79EFBC}") = "ETL", "ETL\ETL.csproj", "{42695C78-0909-4787-BA78-301B5AE8927E}"
EndProject
Project("{FAE04EC0-301F-11D3-BF4B-00C04F79EFBC}") = "AcmCommissionsStatements", "AcmCommissionsStatements\AcmCommissionsStatements.csproj", "{E43C3C7C-11BC-4DF1-8CB6-2E9BDA8AADC1}"
EndProject
Project("{2150E333-8FDC-42A3-9474-1A3956D46DE8}") = "DbUp.AcmStudio.V2", "DbUp.AcmStudio.V2", "{0BF000AC-2A91-489D-A72D-B15D8404F34F}"
EndProject
Project("{FAE04EC0-301F-11D3-BF4B-00C04F79EFBC}") = "DbUp.AcmStudio.V2.DbMigrator", "DbUp.AcmStudio.V2.DbMigrator\DbUp.AcmStudio.V2.DbMigrator.csproj", "{71281012-1515-4387-B51C-C4C3B245C607}"
EndProject
Project("{2150E333-8FDC-42A3-9474-1A3956D46DE8}") = "Logging", "Logging", "{6E18824D-17E8-4661-887F-4298BD6E6B99}"
EndProject
Project("{FAE04EC0-301F-11D3-BF4B-00C04F79EFBC}") = "AcmLogging", "AcmLogging\AcmLogging.csproj", "{5AB57D80-03E6-4085-8953-E6F492192344}"
EndProject
Project("{2150E333-8FDC-42A3-9474-1A3956D46DE8}") = "UnitTests", "UnitTests", "{AE980E52-3F08-443F-8ECE-FB992EA9838C}"
EndProject
Project("{FAE04EC0-301F-11D3-BF4B-00C04F79EFBC}") = "AcmLogging.UnitTest", "AcmLogging.UnitTest\AcmLogging.UnitTest.csproj", "{FA6E946C-F5F7-46FA-8AA6-36E2F947EF7E}"
EndProject
Project("{FAE04EC0-301F-11D3-BF4B-00C04F79EFBC}") = "AcmLogging.Data", "Logging\AcmLogging.Data\AcmLogging.Data.csproj", "{7845A1B0-4428-41C5-BFEA-C189AAF4DF00}"
EndProject

Global
	GlobalSection(SolutionConfigurationPlatforms) = preSolution
		Debug|Any CPU = Debug|Any CPU
		Release|Any CPU = Release|Any CPU
	EndGlobalSection
	GlobalSection(NestedProjects) = preSolution
		{978C1D65-D102-4BB1-96B3-75518130D90C} = {3DDD8E11-1AA9-49C7-8454-A33FEC97F811}
		{AE5E49A6-6453-4009-97EA-03BF87F8C521} = {7CF2CAE0-91D2-4C6A-A97E-34B39AEF900D}
		{36FE134A-90CB-402A-9065-916F7785C174} = {F276CDFC-EA5C-414F-B80A-740B156F06C3}
		{42695C78-0909-4787-BA78-301B5AE8927E} = {7C98D513-65A2-46DF-B6D8-4EA1F4D3ABDC}
		{E43C3C7C-11BC-4DF1-8CB6-2E9BDA8AADC1} = {77B4F31C-9DD1-4047-AD6B-F667959997CD}
		{6FF614AE-022B-45FE-9B59-F7DFB7312550} = {0BF000AC-2A91-489D-A72D-B15D8404F34F}
		{71281012-1515-4387-B51C-C4C3B245C607} = {0BF000AC-2A91-489D-A72D-B15D8404F34F}
		{5AB57D80-03E6-4085-8953-E6F492192344} = {6E18824D-17E8-4661-887F-4298BD6E6B99}
		{FA6E946C-F5F7-46FA-8AA6-36E2F947EF7E} = {AE980E52-3F08-443F-8ECE-FB992EA9838C}
		{7845A1B0-4428-41C5-BFEA-C189AAF4DF00} = {6E18824D-17E8-4661-887F-4298BD6E6B99}
	EndGlobalSection
	GlobalSection(ProjectConfigurationPlatforms) = postSolution
		{978C1D65-D102-4BB1-96B3-75518130D90C}.Debug|Any CPU.ActiveCfg = Debug|Any CPU
		{978C1D65-D102-4BB1-96B3-75518130D90C}.Debug|Any CPU.Build.0 = Debug|Any CPU
		{978C1D65-D102-4BB1-96B3-75518130D90C}.Release|Any CPU.ActiveCfg = Release|Any CPU
		{978C1D65-D102-4BB1-96B3-75518130D90C}.Release|Any CPU.Build.0 = Release|Any CPU
		{AE5E49A6-6453-4009-97EA-03BF87F8C521}.Debug|Any CPU.ActiveCfg = Debug|Any CPU
		{AE5E49A6-6453-4009-97EA-03BF87F8C521}.Debug|Any CPU.Build.0 = Debug|Any CPU
		{AE5E49A6-6453-4009-97EA-03BF87F8C521}.Release|Any CPU.ActiveCfg = Release|Any CPU
		{AE5E49A6-6453-4009-97EA-03BF87F8C521}.Release|Any CPU.Build.0 = Release|Any CPU
		{36FE134A-90CB-402A-9065-916F7785C174}.Debug|Any CPU.ActiveCfg = Debug|Any CPU
		{36FE134A-90CB-402A-9065-916F7785C174}.Debug|Any CPU.Build.0 = Debug|Any CPU
		{36FE134A-90CB-402A-9065-916F7785C174}.Release|Any CPU.ActiveCfg = Release|Any CPU
		{36FE134A-90CB-402A-9065-916F7785C174}.Release|Any CPU.Build.0 = Release|Any CPU
		{42695C78-0909-4787-BA78-301B5AE8927E}.Debug|Any CPU.ActiveCfg = Debug|Any CPU
		{42695C78-0909-4787-BA78-301B5AE8927E}.Debug|Any CPU.Build.0 = Debug|Any CPU
		{42695C78-0909-4787-BA78-301B5AE8927E}.Release|Any CPU.ActiveCfg = Release|Any CPU
		{42695C78-0909-4787-BA78-301B5AE8927E}.Release|Any CPU.Build.0 = Release|Any CPU
		{E43C3C7C-11BC-4DF1-8CB6-2E9BDA8AADC1}.Debug|Any CPU.ActiveCfg = Debug|Any CPU
		{E43C3C7C-11BC-4DF1-8CB6-2E9BDA8AADC1}.Debug|Any CPU.Build.0 = Debug|Any CPU
		{E43C3C7C-11BC-4DF1-8CB6-2E9BDA8AADC1}.Release|Any CPU.ActiveCfg = Release|Any CPU
		{E43C3C7C-11BC-4DF1-8CB6-2E9BDA8AADC1}.Release|Any CPU.Build.0 = Release|Any CPU
		{6FF614AE-022B-45FE-9B59-F7DFB7312550}.Debug|Any CPU.ActiveCfg = Debug|Any CPU
		{6FF614AE-022B-45FE-9B59-F7DFB7312550}.Debug|Any CPU.Build.0 = Debug|Any CPU
		{6FF614AE-022B-45FE-9B59-F7DFB7312550}.Release|Any CPU.ActiveCfg = Release|Any CPU
		{6FF614AE-022B-45FE-9B59-F7DFB7312550}.Release|Any CPU.Build.0 = Release|Any CPU
		{71281012-1515-4387-B51C-C4C3B245C607}.Debug|Any CPU.ActiveCfg = Debug|Any CPU
		{71281012-1515-4387-B51C-C4C3B245C607}.Debug|Any CPU.Build.0 = Debug|Any CPU
		{71281012-1515-4387-B51C-C4C3B245C607}.Release|Any CPU.ActiveCfg = Release|Any CPU
		{71281012-1515-4387-B51C-C4C3B245C607}.Release|Any CPU.Build.0 = Release|Any CPU
		{5AB57D80-03E6-4085-8953-E6F492192344}.Debug|Any CPU.ActiveCfg = Debug|Any CPU
		{5AB57D80-03E6-4085-8953-E6F492192344}.Debug|Any CPU.Build.0 = Debug|Any CPU
		{5AB57D80-03E6-4085-8953-E6F492192344}.Release|Any CPU.ActiveCfg = Release|Any CPU
		{5AB57D80-03E6-4085-8953-E6F492192344}.Release|Any CPU.Build.0 = Release|Any CPU
		{FA6E946C-F5F7-46FA-8AA6-36E2F947EF7E}.Debug|Any CPU.ActiveCfg = Debug|Any CPU
		{FA6E946C-F5F7-46FA-8AA6-36E2F947EF7E}.Debug|Any CPU.Build.0 = Debug|Any CPU
		{FA6E946C-F5F7-46FA-8AA6-36E2F947EF7E}.Release|Any CPU.ActiveCfg = Release|Any CPU
		{FA6E946C-F5F7-46FA-8AA6-36E2F947EF7E}.Release|Any CPU.Build.0 = Release|Any CPU
		{7845A1B0-4428-41C5-BFEA-C189AAF4DF00}.Debug|Any CPU.ActiveCfg = Debug|Any CPU
		{7845A1B0-4428-41C5-BFEA-C189AAF4DF00}.Debug|Any CPU.Build.0 = Debug|Any CPU
		{7845A1B0-4428-41C5-BFEA-C189AAF4DF00}.Release|Any CPU.ActiveCfg = Release|Any CPU
		{7845A1B0-4428-41C5-BFEA-C189AAF4DF00}.Release|Any CPU.Build.0 = Release|Any CPU
	EndGlobalSection
EndGlobal
